# THIS IS AN AUTOGENERATED FILE. DO NOT EDIT THIS FILE DIRECTLY.
# yarn lockfile v1


"@esbuild/darwin-x64@0.25.1":
  version "0.25.1"
  resolved "https://registry.npmjs.org/@esbuild/darwin-x64/-/darwin-x64-0.25.1.tgz"
  integrity sha512-hxVnwL2Dqs3fM1IWq8Iezh0cX7ZGdVhbTfnOy5uURtao5OIVCEyj9xIzemDi7sRvKsuSdtCAhMKarxqtlyVyfA==

"@rollup/rollup-darwin-x64@4.35.0":
  version "4.35.0"
  resolved "https://registry.npmjs.org/@rollup/rollup-darwin-x64/-/rollup-darwin-x64-4.35.0.tgz"
  integrity sha512-3IrHjfAS6Vkp+5bISNQnPogRAW5GAV1n+bNCrDwXmfMHbPl5EhTmWtfmwlJxFRUCBZ+tZ/OxDyU08aF6NI/N5Q==

"@tailwindcss/node@4.0.13":
  version "4.0.13"
  resolved "https://registry.npmjs.org/@tailwindcss/node/-/node-4.0.13.tgz"
  integrity sha512-P9TmtE9Vew0vv5FwyD4bsg/dHHsIsAuUXkenuGUc5gm8fYgaxpdoxIKngCyEMEQxyCKR8PQY5V5VrrKNOx7exg==
  dependencies:
    enhanced-resolve "^5.18.1"
    jiti "^2.4.2"
    tailwindcss "4.0.13"

"@tailwindcss/oxide-darwin-x64@4.0.13":
  version "4.0.13"
  resolved "https://registry.npmjs.org/@tailwindcss/oxide-darwin-x64/-/oxide-darwin-x64-4.0.13.tgz"
  integrity sha512-lRTkxjTpMGXhLLM5GjZ0MtjPczMuhAo9j7PeSsaU6Imkm7W7RbrXfT8aP934kS7cBBV+HKN5U19Z0WWaORfb8Q==

"@tailwindcss/oxide@4.0.13":
  version "4.0.13"
  resolved "https://registry.npmjs.org/@tailwindcss/oxide/-/oxide-4.0.13.tgz"
  integrity sha512-pTH3Ex5zAWC9LbS+WsYAFmkXQW3NRjmvxkKJY3NP1x0KHBWjz0Q2uGtdGMJzsa0EwoZ7wq9RTbMH1UNPceCpWw==
  optionalDependencies:
    "@tailwindcss/oxide-android-arm64" "4.0.13"
    "@tailwindcss/oxide-darwin-arm64" "4.0.13"
    "@tailwindcss/oxide-darwin-x64" "4.0.13"
    "@tailwindcss/oxide-freebsd-x64" "4.0.13"
    "@tailwindcss/oxide-linux-arm-gnueabihf" "4.0.13"
    "@tailwindcss/oxide-linux-arm64-gnu" "4.0.13"
    "@tailwindcss/oxide-linux-arm64-musl" "4.0.13"
    "@tailwindcss/oxide-linux-x64-gnu" "4.0.13"
    "@tailwindcss/oxide-linux-x64-musl" "4.0.13"
    "@tailwindcss/oxide-win32-arm64-msvc" "4.0.13"
    "@tailwindcss/oxide-win32-x64-msvc" "4.0.13"

"@tailwindcss/vite@^4.0.13":
  version "4.0.13"
  resolved "https://registry.npmjs.org/@tailwindcss/vite/-/vite-4.0.13.tgz"
  integrity sha512-0XTd/NoVUAktIDaA4MdXhve0QWYh7WlZg20EHCuBFR80F8FhbVkRX+AY5cjbUP/IO2itHzt0iHc0iSE5kBUMhQ==
  dependencies:
    "@tailwindcss/node" "4.0.13"
    "@tailwindcss/oxide" "4.0.13"
    lightningcss "1.29.2"
    tailwindcss "4.0.13"

"@types/estree@1.0.6":
  version "1.0.6"
  resolved "https://registry.npmjs.org/@types/estree/-/estree-1.0.6.tgz"
  integrity sha512-AYnb1nQyY49te+VRAVgmzfcgjYS91mY5P0TKUDCLEM+gNnA+3T6rWITXRLYCpahpqSQbN5cE+gHpnPyXjHWxcw==

detect-libc@^2.0.3:
  version "2.0.3"
  resolved "https://registry.npmjs.org/detect-libc/-/detect-libc-2.0.3.tgz"
  integrity sha512-bwy0MGW55bG41VqxxypOsdSdGqLwXPI/focwgTYCFMbdUiBAxLg9CFzG08sz2aqzknwiX7Hkl0bQENjg8iLByw==

enhanced-resolve@^5.18.1:
  version "5.18.1"
  resolved "https://registry.npmjs.org/enhanced-resolve/-/enhanced-resolve-5.18.1.tgz"
  integrity sha512-ZSW3ma5GkcQBIpwZTSRAI8N71Uuwgs93IezB7mf7R60tC8ZbJideoDNKjHn2O9KIlx6rkGTTEk1xUCK2E1Y2Yg==
  dependencies:
    graceful-fs "^4.2.4"
    tapable "^2.2.0"

esbuild@^0.25.0:
  version "0.25.1"
  resolved "https://registry.npmjs.org/esbuild/-/esbuild-0.25.1.tgz"
  integrity sha512-BGO5LtrGC7vxnqucAe/rmvKdJllfGaYWdyABvyMoXQlfYMb2bbRuReWR5tEGE//4LcNJj9XrkovTqNYRFZHAMQ==
  optionalDependencies:
    "@esbuild/aix-ppc64" "0.25.1"
    "@esbuild/android-arm" "0.25.1"
    "@esbuild/android-arm64" "0.25.1"
    "@esbuild/android-x64" "0.25.1"
    "@esbuild/darwin-arm64" "0.25.1"
    "@esbuild/darwin-x64" "0.25.1"
    "@esbuild/freebsd-arm64" "0.25.1"
    "@esbuild/freebsd-x64" "0.25.1"
    "@esbuild/linux-arm" "0.25.1"
    "@esbuild/linux-arm64" "0.25.1"
    "@esbuild/linux-ia32" "0.25.1"
    "@esbuild/linux-loong64" "0.25.1"
    "@esbuild/linux-mips64el" "0.25.1"
    "@esbuild/linux-ppc64" "0.25.1"
    "@esbuild/linux-riscv64" "0.25.1"
    "@esbuild/linux-s390x" "0.25.1"
    "@esbuild/linux-x64" "0.25.1"
    "@esbuild/netbsd-arm64" "0.25.1"
    "@esbuild/netbsd-x64" "0.25.1"
    "@esbuild/openbsd-arm64" "0.25.1"
    "@esbuild/openbsd-x64" "0.25.1"
    "@esbuild/sunos-x64" "0.25.1"
    "@esbuild/win32-arm64" "0.25.1"
    "@esbuild/win32-ia32" "0.25.1"
    "@esbuild/win32-x64" "0.25.1"

fsevents@~2.3.2, fsevents@~2.3.3:
  version "2.3.3"
  resolved "https://registry.npmjs.org/fsevents/-/fsevents-2.3.3.tgz"
  integrity sha512-5xoDfX+fL7faATnagmWPpbFtwh/R77WmMMqqHGS65C3vvB0YHrgF+B1YmZ3441tMj5n63k0212XNoJwzlhffQw==

graceful-fs@^4.2.4:
  version "4.2.11"
  resolved "https://registry.npmjs.org/graceful-fs/-/graceful-fs-4.2.11.tgz"
  integrity sha512-RbJ5/jmFcNNCcDV5o9eTnBLJ/HszWV0P73bc+Ff4nS/rJj+YaS6IGyiOL0VoBYX+l1Wrl3k63h/KrH+nhJ0XvQ==

jiti@^2.4.2, jiti@>=1.21.0:
  version "2.4.2"
  resolved "https://registry.npmjs.org/jiti/-/jiti-2.4.2.tgz"
  integrity sha512-rg9zJN+G4n2nfJl5MW3BMygZX56zKPNVEYYqq7adpmMh4Jn2QNEwhvQlFy6jPVdcod7txZtKHWnyZiA3a0zP7A==

lightningcss-darwin-x64@1.29.2:
  version "1.29.2"
  resolved "https://registry.npmjs.org/lightningcss-darwin-x64/-/lightningcss-darwin-x64-1.29.2.tgz"
  integrity sha512-j5qYxamyQw4kDXX5hnnCKMf3mLlHvG44f24Qyi2965/Ycz829MYqjrVg2H8BidybHBp9kom4D7DR5VqCKDXS0w==

lightningcss@^1.21.0, lightningcss@1.29.2:
  version "1.29.2"
  resolved "https://registry.npmjs.org/lightningcss/-/lightningcss-1.29.2.tgz"
  integrity sha512-6b6gd/RUXKaw5keVdSEtqFVdzWnU5jMxTUjA2bVcMNPLwSQ08Sv/UodBVtETLCn7k4S1Ibxwh7k68IwLZPgKaA==
  dependencies:
    detect-libc "^2.0.3"
  optionalDependencies:
    lightningcss-darwin-arm64 "1.29.2"
    lightningcss-darwin-x64 "1.29.2"
    lightningcss-freebsd-x64 "1.29.2"
    lightningcss-linux-arm-gnueabihf "1.29.2"
    lightningcss-linux-arm64-gnu "1.29.2"
    lightningcss-linux-arm64-musl "1.29.2"
    lightningcss-linux-x64-gnu "1.29.2"
    lightningcss-linux-x64-musl "1.29.2"
    lightningcss-win32-arm64-msvc "1.29.2"
    lightningcss-win32-x64-msvc "1.29.2"

nanoid@^3.3.8:
  version "3.3.9"
  resolved "https://registry.npmjs.org/nanoid/-/nanoid-3.3.9.tgz"
  integrity sha512-SppoicMGpZvbF1l3z4x7No3OlIjP7QJvC9XR7AhZr1kL133KHnKPztkKDc+Ir4aJ/1VhTySrtKhrsycmrMQfvg==

picocolors@^1.1.1:
  version "1.1.1"
  resolved "https://registry.npmjs.org/picocolors/-/picocolors-1.1.1.tgz"
  integrity sha512-xceH2snhtb5M9liqDsmEw56le376mTZkEX/jEb/RxNFyegNul7eNslCXP9FDj/Lcu0X8KEyMceP2ntpaHrDEVA==

postcss@^8.5.3:
  version "8.5.3"
  resolved "https://registry.npmjs.org/postcss/-/postcss-8.5.3.tgz"
  integrity sha512-dle9A3yYxlBSrt8Fu+IpjGT8SY8hN0mlaA6GY8t0P5PjIOZemULz/E2Bnm/2dcUOena75OTNkHI76uZBNUUq3A==
  dependencies:
    nanoid "^3.3.8"
    picocolors "^1.1.1"
    source-map-js "^1.2.1"

rollup@^4.30.1:
  version "4.35.0"
  resolved "https://registry.npmjs.org/rollup/-/rollup-4.35.0.tgz"
  integrity sha512-kg6oI4g+vc41vePJyO6dHt/yl0Rz3Thv0kJeVQ3D1kS3E5XSuKbPc29G4IpT/Kv1KQwgHVcN+HtyS+HYLNSvQg==
  dependencies:
    "@types/estree" "1.0.6"
  optionalDependencies:
    "@rollup/rollup-android-arm-eabi" "4.35.0"
    "@rollup/rollup-android-arm64" "4.35.0"
    "@rollup/rollup-darwin-arm64" "4.35.0"
    "@rollup/rollup-darwin-x64" "4.35.0"
    "@rollup/rollup-freebsd-arm64" "4.35.0"
    "@rollup/rollup-freebsd-x64" "4.35.0"
    "@rollup/rollup-linux-arm-gnueabihf" "4.35.0"
    "@rollup/rollup-linux-arm-musleabihf" "4.35.0"
    "@rollup/rollup-linux-arm64-gnu" "4.35.0"
    "@rollup/rollup-linux-arm64-musl" "4.35.0"
    "@rollup/rollup-linux-loongarch64-gnu" "4.35.0"
    "@rollup/rollup-linux-powerpc64le-gnu" "4.35.0"
    "@rollup/rollup-linux-riscv64-gnu" "4.35.0"
    "@rollup/rollup-linux-s390x-gnu" "4.35.0"
    "@rollup/rollup-linux-x64-gnu" "4.35.0"
    "@rollup/rollup-linux-x64-musl" "4.35.0"
    "@rollup/rollup-win32-arm64-msvc" "4.35.0"
    "@rollup/rollup-win32-ia32-msvc" "4.35.0"
    "@rollup/rollup-win32-x64-msvc" "4.35.0"
    fsevents "~2.3.2"

source-map-js@^1.2.1:
  version "1.2.1"
  resolved "https://registry.npmjs.org/source-map-js/-/source-map-js-1.2.1.tgz"
  integrity sha512-UXWMKhLOwVKb728IUtQPXxfYU+usdybtUrK/8uGE8CQMvrhOpwvzDBwj0QhSL7MQc7vIsISBG8VQ8+IDQxpfQA==

tailwindcss@^4.0.13, tailwindcss@4.0.13:
  version "4.0.13"
  resolved "https://registry.npmjs.org/tailwindcss/-/tailwindcss-4.0.13.tgz"
  integrity sha512-gbvFrB0fOsTv/OugXWi2PtflJ4S6/ctu6Mmn3bCftmLY/6xRsQVEJPgIIpABwpZ52DpONkCA3bEj5b54MHxF2Q==

tapable@^2.2.0:
  version "2.2.1"
  resolved "https://registry.npmjs.org/tapable/-/tapable-2.2.1.tgz"
  integrity sha512-GNzQvQTOIP6RyTfE2Qxb8ZVlNmw0n88vp1szwWRimP02mnTsx3Wtn5qRdqY9w2XduFNUgvOwhNnQsjwCp+kqaQ==

"vite@^5.2.0 || ^6", vite@^6.2.0:
  version "6.2.1"
  resolved "https://registry.npmjs.org/vite/-/vite-6.2.1.tgz"
  integrity sha512-n2GnqDb6XPhlt9B8olZPrgMD/es/Nd1RdChF6CBD/fHW6pUyUTt2sQW2fPRX5GiD9XEa6+8A6A4f2vT6pSsE7Q==
  dependencies:
    esbuild "^0.25.0"
    postcss "^8.5.3"
    rollup "^4.30.1"
  optionalDependencies:
    fsevents "~2.3.3"
